
Microsoft Visual Studio Solution File, Format Version 11.00
# Visual Studio 2010
Project("{FAE04EC0-301F-11D3-BF4B-00C04F79EFBC}") = "CodeFormatter", "CodeFormat\CodeFormatter.csproj", "{724AA8DA-85CD-4E0E-918D-F5D984A986CD}"
EndProject
Global
	GlobalSection(SolutionConfigurationPlatforms) = preSolution
		Debug|x86 = Debug|x86
		Release|x86 = Release|x86
	EndGlobalSection
	GlobalSection(ProjectConfigurationPlatforms) = postSolution
		{724AA8DA-85CD-4E0E-918D-F5D984A986CD}.Debug|x86.ActiveCfg = Debug|x86
		{724AA8DA-85CD-4E0E-918D-F5D984A986CD}.Debug|x86.Build.0 = Debug|x86
		{724AA8DA-85CD-4E0E-918D-F5D984A986CD}.Release|x86.ActiveCfg = Release|x86
		{724AA8DA-85CD-4E0E-918D-F5D984A986CD}.Release|x86.Build.0 = Release|x86
	EndGlobalSection
	GlobalSection(SolutionProperties) = preSolution
		HideSolutionNode = FALSE
	EndGlobalSection
EndGlobal
